
Microsoft Visual Studio Solution File, Format Version 12.00
# Visual Studio Version 16
VisualStudioVersion = 16.0.31105.61
MinimumVisualStudioVersion = 10.0.40219.1
Project("{FAE04EC0-301F-11D3-BF4B-00C04F79EFBC}") = "MeterReadingsAPI", "MeterReadingsAPI\MeterReadingsAPI.csproj", "{924D2A64-0036-41E9-B5FA-DCEB2E4D9390}"
EndProject
Global
	GlobalSection(SolutionConfigurationPlatforms) = preSolution
		Debug|Any CPU = Debug|Any CPU
		Release|Any CPU = Release|Any CPU
	EndGlobalSection
	GlobalSection(ProjectConfigurationPlatforms) = postSolution
		{924D2A64-0036-41E9-B5FA-DCEB2E4D9390}.Debug|Any CPU.ActiveCfg = Debug|Any CPU
		{924D2A64-0036-41E9-B5FA-DCEB2E4D9390}.Debug|Any CPU.Build.0 = Debug|Any CPU
		{924D2A64-0036-41E9-B5FA-DCEB2E4D9390}.Release|Any CPU.ActiveCfg = Release|Any CPU
		{924D2A64-0036-41E9-B5FA-DCEB2E4D9390}.Release|Any CPU.Build.0 = Release|Any CPU
	EndGlobalSection
	GlobalSection(SolutionProperties) = preSolution
		HideSolutionNode = FALSE
	EndGlobalSection
	GlobalSection(ExtensibilityGlobals) = postSolution
		SolutionGuid = {E4D5881A-E402-44A5-BC91-95DDBF8ED9CC}
	EndGlobalSection
EndGlobal
